
Microsoft Visual Studio Solution File, Format Version 12.00
# Visual Studio Version 16
VisualStudioVersion = 16.0.29613.14
MinimumVisualStudioVersion = 10.0.40219.1
Project("{FAE04EC0-301F-11D3-BF4B-00C04F79EFBC}") = "MvcMovie", "MvcMovie.csproj", "{1DE89501-39DA-44D9-B136-FE98EDA64E61}"
EndProject
Global
	GlobalSection(SolutionConfigurationPlatforms) = preSolution
		Debug|Any CPU = Debug|Any CPU
		Release|Any CPU = Release|Any CPU
	EndGlobalSection
	GlobalSection(ProjectConfigurationPlatforms) = postSolution
		{1DE89501-39DA-44D9-B136-FE98EDA64E61}.Debug|Any CPU.ActiveCfg = Debug|Any CPU
		{1DE89501-39DA-44D9-B136-FE98EDA64E61}.Debug|Any CPU.Build.0 = Debug|Any CPU
		{1DE89501-39DA-44D9-B136-FE98EDA64E61}.Release|Any CPU.ActiveCfg = Release|Any CPU
		{1DE89501-39DA-44D9-B136-FE98EDA64E61}.Release|Any CPU.Build.0 = Release|Any CPU
	EndGlobalSection
	GlobalSection(SolutionProperties) = preSolution
		HideSolutionNode = FALSE
	EndGlobalSection
	GlobalSection(ExtensibilityGlobals) = postSolution
		SolutionGuid = {7DA45F18-4F19-42D1-934B-114337BBE5B3}
	EndGlobalSection
EndGlobal
